// !$*UTF8*$!
{
	archiveVersion = 1;
	classes = {
	};
	objectVersion = 50;
	objects = {

/* Begin PBXBuildFile section */
		44B8807027245C4000BC702D /* RadioAppSwiftUIApp.swift in Sources */ = {isa = PBXBuildFile; fileRef = 44B8806F27245C4000BC702D /* RadioAppSwiftUIApp.swift */; };
		44B8807227245C4000BC702D /* ContentView.swift in Sources */ = {isa = PBXBuildFile; fileRef = 44B8807127245C4000BC702D /* ContentView.swift */; };
		44B8807427245C4100BC702D /* Assets.xcassets in Resources */ = {isa = PBXBuildFile; fileRef = 44B8807327245C4100BC702D /* Assets.xcassets */; };
		44B8807727245C4100BC702D /* Preview Assets.xcassets in Resources */ = {isa = PBXBuildFile; fileRef = 44B8807627245C4100BC702D /* Preview Assets.xcassets */; };
		44B8808327245D0100BC702D /* Model.swift in Sources */ = {isa = PBXBuildFile; fileRef = 44B8808227245D0100BC702D /* Model.swift */; };
		44B8808527245EB600BC702D /* TabBarView.swift in Sources */ = {isa = PBXBuildFile; fileRef = 44B8808427245EB600BC702D /* TabBarView.swift */; };
/* End PBXBuildFile section */

/* Begin PBXFileReference section */
		44B8806C27245C4000BC702D /* RadioAppSwiftUI.app */ = {isa = PBXFileReference; explicitFileType = wrapper.application; includeInIndex = 0; path = RadioAppSwiftUI.app; sourceTree = BUILT_PRODUCTS_DIR; };
		44B8806F27245C4000BC702D /* RadioAppSwiftUIApp.swift */ = {isa = PBXFileReference; lastKnownFileType = sourcecode.swift; path = RadioAppSwiftUIApp.swift; sourceTree = "<group>"; };
		44B8807127245C4000BC702D /* ContentView.swift */ = {isa = PBXFileReference; lastKnownFileType = sourcecode.swift; path = ContentView.swift; sourceTree = "<group>"; };
		44B8807327245C4100BC702D /* Assets.xcassets */ = {isa = PBXFileReference; lastKnownFileType = folder.assetcatalog; path = Assets.xcassets; sourceTree = "<group>"; };
		44B8807627245C4100BC702D /* Preview Assets.xcassets */ = {isa = PBXFileReference; lastKnownFileType = folder.assetcatalog; path = "Preview Assets.xcassets"; sourceTree = "<group>"; };
		44B8807827245C4100BC702D /* Info.plist */ = {isa = PBXFileReference; lastKnownFileType = text.plist.xml; path = Info.plist; sourceTree = "<group>"; };
		44B8808227245D0100BC702D /* Model.swift */ = {isa = PBXFileReference; lastKnownFileType = sourcecode.swift; path = Model.swift; sourceTree = "<group>"; };
		44B8808427245EB600BC702D /* TabBarView.swift */ = {isa = PBXFileReference; lastKnownFileType = sourcecode.swift; path = TabBarView.swift; sourceTree = "<group>"; };
/* End PBXFileReference section */

/* Begin PBXFrameworksBuildPhase section */
		44B8806927245C4000BC702D /* Frameworks */ = {
			isa = PBXFrameworksBuildPhase;
			buildActionMask = 2147483647;
			files = (
			);
			runOnlyForDeploymentPostprocessing = 0;
		};
/* End PBXFrameworksBuildPhase section */

/* Begin PBXGroup section */
		44B8806327245C4000BC702D = {
			isa = PBXGroup;
			children = (
				44B8806E27245C4000BC702D /* RadioAppSwiftUI */,
				44B8806D27245C4000BC702D /* Products */,
			);
			sourceTree = "<group>";
		};
		44B8806D27245C4000BC702D /* Products */ = {
			isa = PBXGroup;
			children = (
				44B8806C27245C4000BC702D /* RadioAppSwiftUI.app */,
			);
			name = Products;
			sourceTree = "<group>";
		};
		44B8806E27245C4000BC702D /* RadioAppSwiftUI */ = {
			isa = PBXGroup;
			children = (
				44B8807F27245CE600BC702D /* View */,
				44B8807E27245CDD00BC702D /* App */,
				44B8807127245C4000BC702D /* ContentView.swift */,
				44B8807327245C4100BC702D /* Assets.xcassets */,
				44B8807827245C4100BC702D /* Info.plist */,
				44B8807527245C4100BC702D /* Preview Content */,
			);
			path = RadioAppSwiftUI;
			sourceTree = "<group>";
		};
		44B8807527245C4100BC702D /* Preview Content */ = {
			isa = PBXGroup;
			children = (
				44B8807627245C4100BC702D /* Preview Assets.xcassets */,
			);
			path = "Preview Content";
			sourceTree = "<group>";
		};
		44B8807E27245CDD00BC702D /* App */ = {
			isa = PBXGroup;
			children = (
				44B8806F27245C4000BC702D /* RadioAppSwiftUIApp.swift */,
			);
			path = App;
			sourceTree = "<group>";
		};
		44B8807F27245CE600BC702D /* View */ = {
			isa = PBXGroup;
			children = (
				44B8808127245CF100BC702D /* Model */,
				44B8808027245CEB00BC702D /* Modules */,
			);
			path = View;
			sourceTree = "<group>";
		};
		44B8808027245CEB00BC702D /* Modules */ = {
			isa = PBXGroup;
			children = (
				44B8808427245EB600BC702D /* TabBarView.swift */,
			);
			path = Modules;
			sourceTree = "<group>";
		};
		44B8808127245CF100BC702D /* Model */ = {
			isa = PBXGroup;
			children = (
				44B8808227245D0100BC702D /* Model.swift */,
			);
			path = Model;
			sourceTree = "<group>";
		};
/* End PBXGroup section */

/* Begin PBXNativeTarget section */
		44B8806B27245C4000BC702D /* RadioAppSwiftUI */ = {
			isa = PBXNativeTarget;
			buildConfigurationList = 44B8807B27245C4100BC702D /* Build configuration list for PBXNativeTarget "RadioAppSwiftUI" */;
			buildPhases = (
				44B8806827245C4000BC702D /* Sources */,
				44B8806927245C4000BC702D /* Frameworks */,
				44B8806A27245C4000BC702D /* Resources */,
			);
			buildRules = (
			);
			dependencies = (
			);
			name = RadioAppSwiftUI;
			productName = RadioAppSwiftUI;
			productReference = 44B8806C27245C4000BC702D /* RadioAppSwiftUI.app */;
			productType = "com.apple.product-type.application";
		};
/* End PBXNativeTarget section */

/* Begin PBXProject section */
		44B8806427245C4000BC702D /* Project object */ = {
			isa = PBXProject;
			attributes = {
				LastSwiftUpdateCheck = 1250;
				LastUpgradeCheck = 1250;
				TargetAttributes = {
					44B8806B27245C4000BC702D = {
						CreatedOnToolsVersion = 12.5.1;
					};
				};
			};
			buildConfigurationList = 44B8806727245C4000BC702D /* Build configuration list for PBXProject "RadioAppSwiftUI" */;
			compatibilityVersion = "Xcode 9.3";
			developmentRegion = en;
			hasScannedForEncodings = 0;
			knownRegions = (
				en,
				Base,
			);
			mainGroup = 44B8806327245C4000BC702D;
			productRefGroup = 44B8806D27245C4000BC702D /* Products */;
			projectDirPath = "";
			projectRoot = "";
			targets = (
				44B8806B27245C4000BC702D /* RadioAppSwiftUI */,
			);
		};
/* End PBXProject section */

/* Begin PBXResourcesBuildPhase section */
		44B8806A27245C4000BC702D /* Resources */ = {
			isa = PBXResourcesBuildPhase;
			buildActionMask = 2147483647;
			files = (
				44B8807727245C4100BC702D /* Preview Assets.xcassets in Resources */,
				44B8807427245C4100BC702D /* Assets.xcassets in Resources */,
			);
			runOnlyForDeploymentPostprocessing = 0;
		};
/* End PBXResourcesBuildPhase section */

/* Begin PBXSourcesBuildPhase section */
		44B8806827245C4000BC702D /* Sources */ = {
			isa = PBXSourcesBuildPhase;
			buildActionMask = 2147483647;
			files = (
				44B8808327245D0100BC702D /* Model.swift in Sources */,
				44B8807227245C4000BC702D /* ContentView.swift in Sources */,
				44B8808527245EB600BC702D /* TabBarView.swift in Sources */,
				44B8807027245C4000BC702D /* RadioAppSwiftUIApp.swift in Sources */,
			);
			runOnlyForDeploymentPostprocessing = 0;
		};
/* End PBXSourcesBuildPhase section */

/* Begin XCBuildConfiguration section */
		44B8807927245C4100BC702D /* Debug */ = {
			isa = XCBuildConfiguration;
			buildSettings = {
				ALWAYS_SEARCH_USER_PATHS = NO;
				CLANG_ANALYZER_NONNULL = YES;
				CLANG_ANALYZER_NUMBER_OBJECT_CONVERSION = YES_AGGRESSIVE;
				CLANG_CXX_LANGUAGE_STANDARD = "gnu++14";
				CLANG_CXX_LIBRARY = "libc++";
				CLANG_ENABLE_MODULES = YES;
				CLANG_ENABLE_OBJC_ARC = YES;
				CLANG_ENABLE_OBJC_WEAK = YES;
				CLANG_WARN_BLOCK_CAPTURE_AUTORELEASING = YES;
				CLANG_WARN_BOOL_CONVERSION = YES;
				CLANG_WARN_COMMA = YES;
				CLANG_WARN_CONSTANT_CONVERSION = YES;
				CLANG_WARN_DEPRECATED_OBJC_IMPLEMENTATIONS = YES;
				CLANG_WARN_DIRECT_OBJC_ISA_USAGE = YES_ERROR;
				CLANG_WARN_DOCUMENTATION_COMMENTS = YES;
				CLANG_WARN_EMPTY_BODY = YES;
				CLANG_WARN_ENUM_CONVERSION = YES;
				CLANG_WARN_INFINITE_RECURSION = YES;
				CLANG_WARN_INT_CONVERSION = YES;
				CLANG_WARN_NON_LITERAL_NULL_CONVERSION = YES;
				CLANG_WARN_OBJC_IMPLICIT_RETAIN_SELF = YES;
				CLANG_WARN_OBJC_LITERAL_CONVERSION = YES;
				CLANG_WARN_OBJC_ROOT_CLASS = YES_ERROR;
				CLANG_WARN_QUOTED_INCLUDE_IN_FRAMEWORK_HEADER = YES;
				CLANG_WARN_RANGE_LOOP_ANALYSIS = YES;
				CLANG_WARN_STRICT_PROTOTYPES = YES;
				CLANG_WARN_SUSPICIOUS_MOVE = YES;
				CLANG_WARN_UNGUARDED_AVAILABILITY = YES_AGGRESSIVE;
				CLANG_WARN_UNREACHABLE_CODE = YES;
				CLANG_WARN__DUPLICATE_METHOD_MATCH = YES;
				COPY_PHASE_STRIP = NO;
				DEBUG_INFORMATION_FORMAT = dwarf;
				ENABLE_STRICT_OBJC_MSGSEND = YES;
				ENABLE_TESTABILITY = YES;
				GCC_C_LANGUAGE_STANDARD = gnu11;
				GCC_DYNAMIC_NO_PIC = NO;
				GCC_NO_COMMON_BLOCKS = YES;
				GCC_OPTIMIZATION_LEVEL = 0;
				GCC_PREPROCESSOR_DEFINITIONS = (
					"DEBUG=1",
					"$(inherited)",
				);
				GCC_WARN_64_TO_32_BIT_CONVERSION = YES;
				GCC_WARN_ABOUT_RETURN_TYPE = YES_ERROR;
				GCC_WARN_UNDECLARED_SELECTOR = YES;
				GCC_WARN_UNINITIALIZED_AUTOS = YES_AGGRESSIVE;
				GCC_WARN_UNUSED_FUNCTION = YES;
				GCC_WARN_UNUSED_VARIABLE = YES;
				IPHONEOS_DEPLOYMENT_TARGET = 14.5;
				MTL_ENABLE_DEBUG_INFO = INCLUDE_SOURCE;
				MTL_FAST_MATH = YES;
				ONLY_ACTIVE_ARCH = YES;
				SDKROOT = iphoneos;
				SWIFT_ACTIVE_COMPILATION_CONDITIONS = DEBUG;
				SWIFT_OPTIMIZATION_LEVEL = "-Onone";
			};
			name = Debug;
		};
		44B8807A27245C4100BC702D /* Release */ = {
			isa = XCBuildConfiguration;
			buildSettings = {
				ALWAYS_SEARCH_USER_PATHS = NO;
				CLANG_ANALYZER_NONNULL = YES;
				CLANG_ANALYZER_NUMBER_OBJECT_CONVERSION = YES_AGGRESSIVE;
				CLANG_CXX_LANGUAGE_STANDARD = "gnu++14";
				CLANG_CXX_LIBRARY = "libc++";
				CLANG_ENABLE_MODULES = YES;
				CLANG_ENABLE_OBJC_ARC = YES;
				CLANG_ENABLE_OBJC_WEAK = YES;
				CLANG_WARN_BLOCK_CAPTURE_AUTORELEASING = YES;
				CLANG_WARN_BOOL_CONVERSION = YES;
				CLANG_WARN_COMMA = YES;
				CLANG_WARN_CONSTANT_CONVERSION = YES;
				CLANG_WARN_DEPRECATED_OBJC_IMPLEMENTATIONS = YES;
				CLANG_WARN_DIRECT_OBJC_ISA_USAGE = YES_ERROR;
				CLANG_WARN_DOCUMENTATION_COMMENTS = YES;
				CLANG_WARN_EMPTY_BODY = YES;
				CLANG_WARN_ENUM_CONVERSION = YES;
				CLANG_WARN_INFINITE_RECURSION = YES;
				CLANG_WARN_INT_CONVERSION = YES;
				CLANG_WARN_NON_LITERAL_NULL_CONVERSION = YES;
				CLANG_WARN_OBJC_IMPLICIT_RETAIN_SELF = YES;
				CLANG_WARN_OBJC_LITERAL_CONVERSION = YES;
				CLANG_WARN_OBJC_ROOT_CLASS = YES_ERROR;
				CLANG_WARN_QUOTED_INCLUDE_IN_FRAMEWORK_HEADER = YES;
				CLANG_WARN_RANGE_LOOP_ANALYSIS = YES;
				CLANG_WARN_STRICT_PROTOTYPES = YES;
				CLANG_WARN_SUSPICIOUS_MOVE = YES;
				CLANG_WARN_UNGUARDED_AVAILABILITY = YES_AGGRESSIVE;
				CLANG_WARN_UNREACHABLE_CODE = YES;
				CLANG_WARN__DUPLICATE_METHOD_MATCH = YES;
				COPY_PHASE_STRIP = NO;
				DEBUG_INFORMATION_FORMAT = "dwarf-with-dsym";
				ENABLE_NS_ASSERTIONS = NO;
				ENABLE_STRICT_OBJC_MSGSEND = YES;
				GCC_C_LANGUAGE_STANDARD = gnu11;
				GCC_NO_COMMON_BLOCKS = YES;
				GCC_WARN_64_TO_32_BIT_CONVERSION = YES;
				GCC_WARN_ABOUT_RETURN_TYPE = YES_ERROR;
				GCC_WARN_UNDECLARED_SELECTOR = YES;
				GCC_WARN_UNINITIALIZED_AUTOS = YES_AGGRESSIVE;
				GCC_WARN_UNUSED_FUNCTION = YES;
				GCC_WARN_UNUSED_VARIABLE = YES;
				IPHONEOS_DEPLOYMENT_TARGET = 14.5;
				MTL_ENABLE_DEBUG_INFO = NO;
				MTL_FAST_MATH = YES;
				SDKROOT = iphoneos;
				SWIFT_COMPILATION_MODE = wholemodule;
				SWIFT_OPTIMIZATION_LEVEL = "-O";
				VALIDATE_PRODUCT = YES;
			};
			name = Release;
		};
		44B8807C27245C4100BC702D /* Debug */ = {
			isa = XCBuildConfiguration;
			buildSettings = {
				ASSETCATALOG_COMPILER_APPICON_NAME = AppIcon;
				ASSETCATALOG_COMPILER_GLOBAL_ACCENT_COLOR_NAME = AccentColor;
				CODE_SIGN_STYLE = Automatic;
				DEVELOPMENT_ASSET_PATHS = "\"RadioAppSwiftUI/Preview Content\"";
				ENABLE_PREVIEWS = YES;
				INFOPLIST_FILE = RadioAppSwiftUI/Info.plist;
				IPHONEOS_DEPLOYMENT_TARGET = 14.0;
				LD_RUNPATH_SEARCH_PATHS = (
					"$(inherited)",
					"@executable_path/Frameworks",
				);
				PRODUCT_BUNDLE_IDENTIFIER = mari.RadioAppSwiftUI;
				PRODUCT_NAME = "$(TARGET_NAME)";
				SWIFT_VERSION = 5.0;
				TARGETED_DEVICE_FAMILY = "1,2";
			};
			name = Debug;
		};
		44B8807D27245C4100BC702D /* Release */ = {
			isa = XCBuildConfiguration;
			buildSettings = {
				ASSETCATALOG_COMPILER_APPICON_NAME = AppIcon;
				ASSETCATALOG_COMPILER_GLOBAL_ACCENT_COLOR_NAME = AccentColor;
				CODE_SIGN_STYLE = Automatic;
				DEVELOPMENT_ASSET_PATHS = "\"RadioAppSwiftUI/Preview Content\"";
				ENABLE_PREVIEWS = YES;
				INFOPLIST_FILE = RadioAppSwiftUI/Info.plist;
				IPHONEOS_DEPLOYMENT_TARGET = 14.0;
				LD_RUNPATH_SEARCH_PATHS = (
					"$(inherited)",
					"@executable_path/Frameworks",
				);
				PRODUCT_BUNDLE_IDENTIFIER = mari.RadioAppSwiftUI;
				PRODUCT_NAME = "$(TARGET_NAME)";
				SWIFT_VERSION = 5.0;
				TARGETED_DEVICE_FAMILY = "1,2";
			};
			name = Release;
		};
/* End XCBuildConfiguration section */

/* Begin XCConfigurationList section */
		44B8806727245C4000BC702D /* Build configuration list for PBXProject "RadioAppSwiftUI" */ = {
			isa = XCConfigurationList;
			buildConfigurations = (
				44B8807927245C4100BC702D /* Debug */,
				44B8807A27245C4100BC702D /* Release */,
			);
			defaultConfigurationIsVisible = 0;
			defaultConfigurationName = Release;
		};
		44B8807B27245C4100BC702D /* Build configuration list for PBXNativeTarget "RadioAppSwiftUI" */ = {
			isa = XCConfigurationList;
			buildConfigurations = (
				44B8807C27245C4100BC702D /* Debug */,
				44B8807D27245C4100BC702D /* Release */,
			);
			defaultConfigurationIsVisible = 0;
			defaultConfigurationName = Release;
		};
/* End XCConfigurationList section */
	};
	rootObject = 44B8806427245C4000BC702D /* Project object */;
}
